<?xml version="1.0" encoding="utf-8"?>
<Project ToolsVersion="4.0" xmlns="http://schemas.microsoft.com/developer/msbuild/2003">
  <ItemGroup>
    <Filter Include="Source Files">
      <UniqueIdentifier>{4FC737F1-C7A5-4376-A066-2A32D752A2FF}</UniqueIdentifier>
      <Extensions>cpp;c;cc;cxx;c++;cppm;ixx;def;odl;idl;hpj;bat;asm;asmx</Extensions>
    </Filter>
    <Filter Include="Header Files">
      <UniqueIdentifier>{93995380-89BD-4b04-88EB-625FBE52EBFB}</UniqueIdentifier>
      <Extensions>h;hh;hpp;hxx;h++;hm;inl;inc;ipp;xsd</Extensions>
    </Filter>
    <Filter Include="Resource Files">
      <UniqueIdentifier>{67DA6AB6-F800-4c08-8B7A-83BB121AAD01}</UniqueIdentifier>
      <Extensions>rc;ico;cur;bmp;dlg;rc2;rct;bin;rgs;gif;jpg;jpeg;jpe;resx;tiff;tif;png;wav;mfcribbon-ms</Extensions>
    </Filter>
  </ItemGroup>
  <ItemGroup>
    <ClCompile Include="MonteCarloEngine.cpp">
      <Filter>Source Files</Filter>
    </ClCompile>
    <ClCompile Include="GBM.cpp">
      <Filter>Source Files</Filter>
    </ClCompile>
    <ClCompile Include="CEV.cpp">
      <Filter>Source Files</Filter>
    </ClCompile>
    <ClCompile Include="EulerFDM.cpp">
      <Filter>Source Files</Filter>
    </ClCompile>
    <ClCompile Include="ExactFDM.cpp">
      <Filter>Source Files</Filter>
    </ClCompile>
    <ClCompile Include="MilsteinFDM.cpp">
      <Filter>Source Files</Filter>
    </ClCompile>
    <ClCompile Include="DiscreteMilsteinFDM.hpp">
      <Filter>Header Files</Filter>
    </ClCompile>
    <ClCompile Include="DiscreteMilsteinFDM.cpp">
      <Filter>Source Files</Filter>
    </ClCompile>
    <ClCompile Include="PredictorCorrectorFDM.cpp">
      <Filter>Source Files</Filter>
    </ClCompile>
    <ClCompile Include="ModifiedPredictorCorrectorFDM.cpp">
      <Filter>Source Files</Filter>
    </ClCompile>
    <ClCompile Include="MidpointPredictorCorrectorFDM.cpp">
      <Filter>Source Files</Filter>
    </ClCompile>
    <ClCompile Include="FittedMidpointPredictorCorrectorFDM.cpp">
      <Filter>Source Files</Filter>
    </ClCompile>
    <ClCompile Include="Platen01ExplicitFDM.cpp">
      <Filter>Source Files</Filter>
    </ClCompile>
    <ClCompile Include="HeunFDM.cpp">
      <Filter>Source Files</Filter>
    </ClCompile>
    <ClCompile Include="DerivativeFreeFDM.cpp">
      <Filter>Source Files</Filter>
    </ClCompile>
    <ClCompile Include="FRKIFDM.cpp">
      <Filter>Source Files</Filter>
    </ClCompile>
    <ClCompile Include="Heun2FDM.cpp">
      <Filter>Source Files</Filter>
    </ClCompile>
    <ClCompile Include="BoxMullerRNG.cpp">
      <Filter>Source Files</Filter>
    </ClCompile>
    <ClCompile Include="PolarMarsagliaRNG.cpp">
      <Filter>Source Files</Filter>
    </ClCompile>
  </ItemGroup>
  <ItemGroup>
    <ClInclude Include="SDEBase.hpp">
      <Filter>Header Files</Filter>
    </ClInclude>
    <ClInclude Include="GBM.hpp">
      <Filter>Header Files</Filter>
    </ClInclude>
    <ClInclude Include="CEV.hpp">
      <Filter>Header Files</Filter>
    </ClInclude>
    <ClInclude Include="FDMBase.hpp">
      <Filter>Header Files</Filter>
    </ClInclude>
    <ClInclude Include="EulerFDM.hpp">
      <Filter>Header Files</Filter>
    </ClInclude>
    <ClInclude Include="ExactFDM.hpp">
      <Filter>Header Files</Filter>
    </ClInclude>
    <ClInclude Include="MilsteinFDM.hpp">
      <Filter>Header Files</Filter>
    </ClInclude>
    <ClInclude Include="PredictorCorrectorFDM.hpp">
      <Filter>Header Files</Filter>
    </ClInclude>
    <ClInclude Include="ModifiedPredictorCorrectorFDM.hpp">
      <Filter>Header Files</Filter>
    </ClInclude>
    <ClInclude Include="MidpointPredictorCorrectorFDM.hpp">
      <Filter>Header Files</Filter>
    </ClInclude>
    <ClInclude Include="FittedMidpointPredictorCorrectorFDM.hpp">
      <Filter>Header Files</Filter>
    </ClInclude>
    <ClInclude Include="Platen01ExplicitFDM.hpp">
      <Filter>Header Files</Filter>
    </ClInclude>
    <ClInclude Include="HeunFDM.hpp">
      <Filter>Header Files</Filter>
    </ClInclude>
    <ClInclude Include="DerivativeFreeFDM.hpp">
      <Filter>Header Files</Filter>
    </ClInclude>
    <ClInclude Include="FRKIFDM.hpp">
      <Filter>Header Files</Filter>
    </ClInclude>
    <ClInclude Include="Heun2FDM.hpp">
      <Filter>Header Files</Filter>
    </ClInclude>
    <ClInclude Include="RNGBase.hpp">
      <Filter>Header Files</Filter>
    </ClInclude>
    <ClInclude Include="BoxMullerRNG.hpp">
      <Filter>Header Files</Filter>
    </ClInclude>
    <ClInclude Include="PolarMarsagliaRNG.hpp">
      <Filter>Header Files</Filter>
    </ClInclude>
    <ClInclude Include="PricerBase.hpp">
      <Filter>Header Files</Filter>
    </ClInclude>
    <ClInclude Include="EuropeanPricer.hpp">
      <Filter>Header Files</Filter>
    </ClInclude>
    <ClInclude Include="BarrierPricer.hpp">
      <Filter>Header Files</Filter>
    </ClInclude>
    <ClInclude Include="Mediator.hpp">
      <Filter>Header Files</Filter>
    </ClInclude>
    <ClInclude Include="Builder.hpp">
      <Filter>Header Files</Filter>
    </ClInclude>
    <ClInclude Include="ParallelBoxMullerRNG.hpp">
      <Filter>Header Files</Filter>
    </ClInclude>
    <ClInclude Include="LockFreeThreadPool.hpp">
      <Filter>Header Files</Filter>
    </ClInclude>
    <ClInclude Include="AsianPricer.hpp">
      <Filter>Header Files</Filter>
    </ClInclude>
  </ItemGroup>
</Project>